
Microsoft Visual Studio Solution File, Format Version 12.00
# Visual Studio Version 16
VisualStudioVersion = 16.0.30413.136
MinimumVisualStudioVersion = 10.0.40219.1
Project("{9A19103F-16F7-4668-BE54-9A1E7A4F7556}") = "Application", "Application\Application.csproj", "{F5E49725-3201-4124-BE7E-F65CEA73A1C8}"
EndProject
Project("{9A19103F-16F7-4668-BE54-9A1E7A4F7556}") = "Domain", "Domain\Domain.csproj", "{80A8AA15-D5BA-4A5F-A525-7E95FC0AD425}"
EndProject
Project("{9A19103F-16F7-4668-BE54-9A1E7A4F7556}") = "Persistence", "Persistence\Persistence.csproj", "{D9E05111-2DB8-425B-B70D-3B4B97AEF15D}"
EndProject
Project("{9A19103F-16F7-4668-BE54-9A1E7A4F7556}") = "API", "API\API.csproj", "{6D2DBEE5-92FC-475C-A523-17B3EBD8A142}"
EndProject
Project("{E24C65DC-7377-472B-9ABA-BC803B73C61A}") = "client-app", "client-app\", "{40261235-E5A8-449E-99EE-D9B5551BF282}"
	ProjectSection(WebsiteProperties) = preProject
		TargetFrameworkMoniker = ".NETFramework,Version%3Dv4.0"
		Debug.AspNetCompiler.VirtualPath = "/localhost_53682"
		Debug.AspNetCompiler.PhysicalPath = "client-app\"
		Debug.AspNetCompiler.TargetPath = "PrecompiledWeb\localhost_53682\"
		Debug.AspNetCompiler.Updateable = "true"
		Debug.AspNetCompiler.ForceOverwrite = "true"
		Debug.AspNetCompiler.FixedNames = "false"
		Debug.AspNetCompiler.Debug = "True"
		Release.AspNetCompiler.VirtualPath = "/localhost_53682"
		Release.AspNetCompiler.PhysicalPath = "client-app\"
		Release.AspNetCompiler.TargetPath = "PrecompiledWeb\localhost_53682\"
		Release.AspNetCompiler.Updateable = "true"
		Release.AspNetCompiler.ForceOverwrite = "true"
		Release.AspNetCompiler.FixedNames = "false"
		Release.AspNetCompiler.Debug = "False"
		VWDPort = "53682"
	EndProjectSection
EndProject
Global
	GlobalSection(SolutionConfigurationPlatforms) = preSolution
		Debug|Any CPU = Debug|Any CPU
		Release|Any CPU = Release|Any CPU
	EndGlobalSection
	GlobalSection(ProjectConfigurationPlatforms) = postSolution
		{F5E49725-3201-4124-BE7E-F65CEA73A1C8}.Debug|Any CPU.ActiveCfg = Debug|Any CPU
		{F5E49725-3201-4124-BE7E-F65CEA73A1C8}.Debug|Any CPU.Build.0 = Debug|Any CPU
		{F5E49725-3201-4124-BE7E-F65CEA73A1C8}.Release|Any CPU.ActiveCfg = Release|Any CPU
		{F5E49725-3201-4124-BE7E-F65CEA73A1C8}.Release|Any CPU.Build.0 = Release|Any CPU
		{80A8AA15-D5BA-4A5F-A525-7E95FC0AD425}.Debug|Any CPU.ActiveCfg = Debug|Any CPU
		{80A8AA15-D5BA-4A5F-A525-7E95FC0AD425}.Debug|Any CPU.Build.0 = Debug|Any CPU
		{80A8AA15-D5BA-4A5F-A525-7E95FC0AD425}.Release|Any CPU.ActiveCfg = Release|Any CPU
		{80A8AA15-D5BA-4A5F-A525-7E95FC0AD425}.Release|Any CPU.Build.0 = Release|Any CPU
		{D9E05111-2DB8-425B-B70D-3B4B97AEF15D}.Debug|Any CPU.ActiveCfg = Debug|Any CPU
		{D9E05111-2DB8-425B-B70D-3B4B97AEF15D}.Debug|Any CPU.Build.0 = Debug|Any CPU
		{D9E05111-2DB8-425B-B70D-3B4B97AEF15D}.Release|Any CPU.ActiveCfg = Release|Any CPU
		{D9E05111-2DB8-425B-B70D-3B4B97AEF15D}.Release|Any CPU.Build.0 = Release|Any CPU
		{6D2DBEE5-92FC-475C-A523-17B3EBD8A142}.Debug|Any CPU.ActiveCfg = Debug|Any CPU
		{6D2DBEE5-92FC-475C-A523-17B3EBD8A142}.Debug|Any CPU.Build.0 = Debug|Any CPU
		{6D2DBEE5-92FC-475C-A523-17B3EBD8A142}.Release|Any CPU.ActiveCfg = Release|Any CPU
		{6D2DBEE5-92FC-475C-A523-17B3EBD8A142}.Release|Any CPU.Build.0 = Release|Any CPU
		{40261235-E5A8-449E-99EE-D9B5551BF282}.Debug|Any CPU.ActiveCfg = Debug|Any CPU
		{40261235-E5A8-449E-99EE-D9B5551BF282}.Debug|Any CPU.Build.0 = Debug|Any CPU
		{40261235-E5A8-449E-99EE-D9B5551BF282}.Release|Any CPU.ActiveCfg = Debug|Any CPU
		{40261235-E5A8-449E-99EE-D9B5551BF282}.Release|Any CPU.Build.0 = Debug|Any CPU
	EndGlobalSection
	GlobalSection(SolutionProperties) = preSolution
		HideSolutionNode = FALSE
	EndGlobalSection
	GlobalSection(ExtensibilityGlobals) = postSolution
		SolutionGuid = {A7320675-8AC8-41DA-AF4F-7FCD2359B6BC}
	EndGlobalSection
EndGlobal
